
Microsoft Visual Studio Solution File, Format Version 12.00
# Visual Studio Version 17
Project("{8BC9CEB8-8B4A-11D0-8D11-00A0C91BC942}") = "ALL_BUILD", "ALL_BUILD.vcxproj", "{3ADB3F66-5D3A-36F6-BAD7-EEAF562D1526}"
	ProjectSection(ProjectDependencies) = postProject
		{E110BC84-A7BB-3FC7-827E-DFE81429EE1A} = {E110BC84-A7BB-3FC7-827E-DFE81429EE1A}
		{08D9C21F-435C-3C04-81F7-8D0E87656F98} = {08D9C21F-435C-3C04-81F7-8D0E87656F98}
	EndProjectSection
EndProject
Project("{8BC9CEB8-8B4A-11D0-8D11-00A0C91BC942}") = "INSTALL", "INSTALL.vcxproj", "{36E4CE45-256A-3ACA-9386-4515C739AC0D}"
	ProjectSection(ProjectDependencies) = postProject
		{3ADB3F66-5D3A-36F6-BAD7-EEAF562D1526} = {3ADB3F66-5D3A-36F6-BAD7-EEAF562D1526}
		{E110BC84-A7BB-3FC7-827E-DFE81429EE1A} = {E110BC84-A7BB-3FC7-827E-DFE81429EE1A}
	EndProjectSection
EndProject
Project("{8BC9CEB8-8B4A-11D0-8D11-00A0C91BC942}") = "ZERO_CHECK", "..\..\\ZERO_CHECK.vcxproj", "{E110BC84-A7BB-3FC7-827E-DFE81429EE1A}"
	ProjectSection(ProjectDependencies) = postProject
	EndProjectSection
EndProject
Project("{8BC9CEB8-8B4A-11D0-8D11-00A0C91BC942}") = "zlibstatic", "zlibstatic.vcxproj", "{08D9C21F-435C-3C04-81F7-8D0E87656F98}"
	ProjectSection(ProjectDependencies) = postProject
		{E110BC84-A7BB-3FC7-827E-DFE81429EE1A} = {E110BC84-A7BB-3FC7-827E-DFE81429EE1A}
	EndProjectSection
EndProject
Global
	GlobalSection(SolutionConfigurationPlatforms) = preSolution
		Debug|x64 = Debug|x64
		Release|x64 = Release|x64
		MinSizeRel|x64 = MinSizeRel|x64
		RelWithDebInfo|x64 = RelWithDebInfo|x64
	EndGlobalSection
	GlobalSection(ProjectConfigurationPlatforms) = postSolution
		{3ADB3F66-5D3A-36F6-BAD7-EEAF562D1526}.Debug|x64.ActiveCfg = Debug|x64
		{3ADB3F66-5D3A-36F6-BAD7-EEAF562D1526}.Debug|x64.Build.0 = Debug|x64
		{3ADB3F66-5D3A-36F6-BAD7-EEAF562D1526}.Release|x64.ActiveCfg = Release|x64
		{3ADB3F66-5D3A-36F6-BAD7-EEAF562D1526}.Release|x64.Build.0 = Release|x64
		{3ADB3F66-5D3A-36F6-BAD7-EEAF562D1526}.MinSizeRel|x64.ActiveCfg = MinSizeRel|x64
		{3ADB3F66-5D3A-36F6-BAD7-EEAF562D1526}.MinSizeRel|x64.Build.0 = MinSizeRel|x64
		{3ADB3F66-5D3A-36F6-BAD7-EEAF562D1526}.RelWithDebInfo|x64.ActiveCfg = RelWithDebInfo|x64
		{3ADB3F66-5D3A-36F6-BAD7-EEAF562D1526}.RelWithDebInfo|x64.Build.0 = RelWithDebInfo|x64
		{36E4CE45-256A-3ACA-9386-4515C739AC0D}.Debug|x64.ActiveCfg = Debug|x64
		{36E4CE45-256A-3ACA-9386-4515C739AC0D}.Release|x64.ActiveCfg = Release|x64
		{36E4CE45-256A-3ACA-9386-4515C739AC0D}.MinSizeRel|x64.ActiveCfg = MinSizeRel|x64
		{36E4CE45-256A-3ACA-9386-4515C739AC0D}.RelWithDebInfo|x64.ActiveCfg = RelWithDebInfo|x64
		{E110BC84-A7BB-3FC7-827E-DFE81429EE1A}.Debug|x64.ActiveCfg = Debug|x64
		{E110BC84-A7BB-3FC7-827E-DFE81429EE1A}.Debug|x64.Build.0 = Debug|x64
		{E110BC84-A7BB-3FC7-827E-DFE81429EE1A}.Release|x64.ActiveCfg = Release|x64
		{E110BC84-A7BB-3FC7-827E-DFE81429EE1A}.Release|x64.Build.0 = Release|x64
		{E110BC84-A7BB-3FC7-827E-DFE81429EE1A}.MinSizeRel|x64.ActiveCfg = MinSizeRel|x64
		{E110BC84-A7BB-3FC7-827E-DFE81429EE1A}.MinSizeRel|x64.Build.0 = MinSizeRel|x64
		{E110BC84-A7BB-3FC7-827E-DFE81429EE1A}.RelWithDebInfo|x64.ActiveCfg = RelWithDebInfo|x64
		{E110BC84-A7BB-3FC7-827E-DFE81429EE1A}.RelWithDebInfo|x64.Build.0 = RelWithDebInfo|x64
		{08D9C21F-435C-3C04-81F7-8D0E87656F98}.Debug|x64.ActiveCfg = Debug|x64
		{08D9C21F-435C-3C04-81F7-8D0E87656F98}.Debug|x64.Build.0 = Debug|x64
		{08D9C21F-435C-3C04-81F7-8D0E87656F98}.Release|x64.ActiveCfg = Release|x64
		{08D9C21F-435C-3C04-81F7-8D0E87656F98}.Release|x64.Build.0 = Release|x64
		{08D9C21F-435C-3C04-81F7-8D0E87656F98}.MinSizeRel|x64.ActiveCfg = MinSizeRel|x64
		{08D9C21F-435C-3C04-81F7-8D0E87656F98}.MinSizeRel|x64.Build.0 = MinSizeRel|x64
		{08D9C21F-435C-3C04-81F7-8D0E87656F98}.RelWithDebInfo|x64.ActiveCfg = RelWithDebInfo|x64
		{08D9C21F-435C-3C04-81F7-8D0E87656F98}.RelWithDebInfo|x64.Build.0 = RelWithDebInfo|x64
	EndGlobalSection
	GlobalSection(ExtensibilityGlobals) = postSolution
		SolutionGuid = {ABCE7F5F-5601-3F65-B27C-D4093019A986}
	EndGlobalSection
	GlobalSection(ExtensibilityAddIns) = postSolution
	EndGlobalSection
EndGlobal
