<?xml version="1.0" encoding="utf-8"?>
<Project ToolsVersion="17.0" xmlns="http://schemas.microsoft.com/developer/msbuild/2003">
  <ItemGroup>
    <CustomBuild Include="C:\Dev\GigaboksOpenGL\Dependencies\assimp-master\CMakeFiles\1711948c1b423435110cca780eae0fcb\INSTALL_force.rule">
      <Filter>CMake Rules</Filter>
    </CustomBuild>
  </ItemGroup>
  <ItemGroup>
    <Filter Include="CMake Rules">
      <UniqueIdentifier>{2F82DBFB-2EF5-3CF8-A386-1EE9FDB2902D}</UniqueIdentifier>
    </Filter>
  </ItemGroup>
</Project>
